// !$*UTF8*$!
{
	archiveVersion = 1;
	classes = {
	};
	objectVersion = 50;
	objects = {

/* Begin PBXBuildFile section */
		4B39DA4D209AC9590015C420 /* AppDelegate.m in Sources */ = {isa = PBXBuildFile; fileRef = 4B39DA4C209AC9590015C420 /* AppDelegate.m */; };
		4B39DA50209AC9590015C420 /* ViewController.m in Sources */ = {isa = PBXBuildFile; fileRef = 4B39DA4F209AC9590015C420 /* ViewController.m */; };
		4B39DA53209AC9590015C420 /* Main.storyboard in Resources */ = {isa = PBXBuildFile; fileRef = 4B39DA51209AC9590015C420 /* Main.storyboard */; };
		4B39DA55209AC95A0015C420 /* Assets.xcassets in Resources */ = {isa = PBXBuildFile; fileRef = 4B39DA54209AC95A0015C420 /* Assets.xcassets */; };
		4B39DA58209AC95A0015C420 /* LaunchScreen.storyboard in Resources */ = {isa = PBXBuildFile; fileRef = 4B39DA56209AC95A0015C420 /* LaunchScreen.storyboard */; };
		4B39DA5B209AC95A0015C420 /* main.m in Sources */ = {isa = PBXBuildFile; fileRef = 4B39DA5A209AC95A0015C420 /* main.m */; };
		4B39DA6B209AC9BD0015C420 /* SystemConfiguration.framework in Frameworks */ = {isa = PBXBuildFile; fileRef = 4B39DA6A209AC9BD0015C420 /* SystemConfiguration.framework */; };
		4B39DA6D209AC9CB0015C420 /* libz.tbd in Frameworks */ = {isa = PBXBuildFile; fileRef = 4B39DA6C209AC9CB0015C420 /* libz.tbd */; };
		4B39DA6F209AC9D60015C420 /* libsqlite3.0.tbd in Frameworks */ = {isa = PBXBuildFile; fileRef = 4B39DA6E209AC9D60015C420 /* libsqlite3.0.tbd */; };
		4B39DA71209AC9E00015C420 /* libc++.tbd in Frameworks */ = {isa = PBXBuildFile; fileRef = 4B39DA70209AC9E00015C420 /* libc++.tbd */; };
		4B39DA73209AC9E80015C420 /* Security.framework in Frameworks */ = {isa = PBXBuildFile; fileRef = 4B39DA72209AC9E80015C420 /* Security.framework */; };
		4B39DA75209AC9F00015C420 /* CoreTelephony.framework in Frameworks */ = {isa = PBXBuildFile; fileRef = 4B39DA74209AC9F00015C420 /* CoreTelephony.framework */; };
		4B39DA77209AC9F70015C420 /* CFNetwork.framework in Frameworks */ = {isa = PBXBuildFile; fileRef = 4B39DA76209AC9F70015C420 /* CFNetwork.framework */; };
		4B39DA86209AD5AC0015C420 /* README.txt in Resources */ = {isa = PBXBuildFile; fileRef = 4B39DA83209AD5AC0015C420 /* README.txt */; };
		4B39DA87209AD5AC0015C420 /* libWeChatSDK.a in Frameworks */ = {isa = PBXBuildFile; fileRef = 4B39DA85209AD5AC0015C420 /* libWeChatSDK.a */; };
/* End PBXBuildFile section */

/* Begin PBXFileReference section */
		4B39DA48209AC9590015C420 /* FWWXPay.app */ = {isa = PBXFileReference; explicitFileType = wrapper.application; includeInIndex = 0; path = FWWXPay.app; sourceTree = BUILT_PRODUCTS_DIR; };
		4B39DA4B209AC9590015C420 /* AppDelegate.h */ = {isa = PBXFileReference; lastKnownFileType = sourcecode.c.h; path = AppDelegate.h; sourceTree = "<group>"; };
		4B39DA4C209AC9590015C420 /* AppDelegate.m */ = {isa = PBXFileReference; lastKnownFileType = sourcecode.c.objc; path = AppDelegate.m; sourceTree = "<group>"; };
		4B39DA4E209AC9590015C420 /* ViewController.h */ = {isa = PBXFileReference; lastKnownFileType = sourcecode.c.h; path = ViewController.h; sourceTree = "<group>"; };
		4B39DA4F209AC9590015C420 /* ViewController.m */ = {isa = PBXFileReference; lastKnownFileType = sourcecode.c.objc; path = ViewController.m; sourceTree = "<group>"; };
		4B39DA52209AC9590015C420 /* Base */ = {isa = PBXFileReference; lastKnownFileType = file.storyboard; name = Base; path = Base.lproj/Main.storyboard; sourceTree = "<group>"; };
		4B39DA54209AC95A0015C420 /* Assets.xcassets */ = {isa = PBXFileReference; lastKnownFileType = folder.assetcatalog; path = Assets.xcassets; sourceTree = "<group>"; };
		4B39DA57209AC95A0015C420 /* Base */ = {isa = PBXFileReference; lastKnownFileType = file.storyboard; name = Base; path = Base.lproj/LaunchScreen.storyboard; sourceTree = "<group>"; };
		4B39DA59209AC95A0015C420 /* Info.plist */ = {isa = PBXFileReference; lastKnownFileType = text.plist.xml; path = Info.plist; sourceTree = "<group>"; };
		4B39DA5A209AC95A0015C420 /* main.m */ = {isa = PBXFileReference; lastKnownFileType = sourcecode.c.objc; path = main.m; sourceTree = "<group>"; };
		4B39DA6A209AC9BD0015C420 /* SystemConfiguration.framework */ = {isa = PBXFileReference; lastKnownFileType = wrapper.framework; name = SystemConfiguration.framework; path = System/Library/Frameworks/SystemConfiguration.framework; sourceTree = SDKROOT; };
		4B39DA6C209AC9CB0015C420 /* libz.tbd */ = {isa = PBXFileReference; lastKnownFileType = "sourcecode.text-based-dylib-definition"; name = libz.tbd; path = usr/lib/libz.tbd; sourceTree = SDKROOT; };
		4B39DA6E209AC9D60015C420 /* libsqlite3.0.tbd */ = {isa = PBXFileReference; lastKnownFileType = "sourcecode.text-based-dylib-definition"; name = libsqlite3.0.tbd; path = usr/lib/libsqlite3.0.tbd; sourceTree = SDKROOT; };
		4B39DA70209AC9E00015C420 /* libc++.tbd */ = {isa = PBXFileReference; lastKnownFileType = "sourcecode.text-based-dylib-definition"; name = "libc++.tbd"; path = "usr/lib/libc++.tbd"; sourceTree = SDKROOT; };
		4B39DA72209AC9E80015C420 /* Security.framework */ = {isa = PBXFileReference; lastKnownFileType = wrapper.framework; name = Security.framework; path = System/Library/Frameworks/Security.framework; sourceTree = SDKROOT; };
		4B39DA74209AC9F00015C420 /* CoreTelephony.framework */ = {isa = PBXFileReference; lastKnownFileType = wrapper.framework; name = CoreTelephony.framework; path = System/Library/Frameworks/CoreTelephony.framework; sourceTree = SDKROOT; };
		4B39DA76209AC9F70015C420 /* CFNetwork.framework */ = {isa = PBXFileReference; lastKnownFileType = wrapper.framework; name = CFNetwork.framework; path = System/Library/Frameworks/CFNetwork.framework; sourceTree = SDKROOT; };
		4B39DA81209AD5AC0015C420 /* WXApi.h */ = {isa = PBXFileReference; fileEncoding = 4; lastKnownFileType = sourcecode.c.h; path = WXApi.h; sourceTree = "<group>"; };
		4B39DA82209AD5AC0015C420 /* WXApiObject.h */ = {isa = PBXFileReference; fileEncoding = 4; lastKnownFileType = sourcecode.c.h; path = WXApiObject.h; sourceTree = "<group>"; };
		4B39DA83209AD5AC0015C420 /* README.txt */ = {isa = PBXFileReference; fileEncoding = 4; lastKnownFileType = text; path = README.txt; sourceTree = "<group>"; };
		4B39DA84209AD5AC0015C420 /* WechatAuthSDK.h */ = {isa = PBXFileReference; fileEncoding = 4; lastKnownFileType = sourcecode.c.h; path = WechatAuthSDK.h; sourceTree = "<group>"; };
		4B39DA85209AD5AC0015C420 /* libWeChatSDK.a */ = {isa = PBXFileReference; lastKnownFileType = archive.ar; path = libWeChatSDK.a; sourceTree = "<group>"; };
/* End PBXFileReference section */

/* Begin PBXFrameworksBuildPhase section */
		4B39DA45209AC9590015C420 /* Frameworks */ = {
			isa = PBXFrameworksBuildPhase;
			buildActionMask = 2147483647;
			files = (
				4B39DA77209AC9F70015C420 /* CFNetwork.framework in Frameworks */,
				4B39DA75209AC9F00015C420 /* CoreTelephony.framework in Frameworks */,
				4B39DA87209AD5AC0015C420 /* libWeChatSDK.a in Frameworks */,
				4B39DA73209AC9E80015C420 /* Security.framework in Frameworks */,
				4B39DA71209AC9E00015C420 /* libc++.tbd in Frameworks */,
				4B39DA6F209AC9D60015C420 /* libsqlite3.0.tbd in Frameworks */,
				4B39DA6D209AC9CB0015C420 /* libz.tbd in Frameworks */,
				4B39DA6B209AC9BD0015C420 /* SystemConfiguration.framework in Frameworks */,
			);
			runOnlyForDeploymentPostprocessing = 0;
		};
/* End PBXFrameworksBuildPhase section */

/* Begin PBXGroup section */
		4B39DA3F209AC9590015C420 = {
			isa = PBXGroup;
			children = (
				4B39DA4A209AC9590015C420 /* FWWXPay */,
				4B39DA49209AC9590015C420 /* Products */,
				4B39DA69209AC9BC0015C420 /* Frameworks */,
			);
			sourceTree = "<group>";
		};
		4B39DA49209AC9590015C420 /* Products */ = {
			isa = PBXGroup;
			children = (
				4B39DA48209AC9590015C420 /* FWWXPay.app */,
			);
			name = Products;
			sourceTree = "<group>";
		};
		4B39DA4A209AC9590015C420 /* FWWXPay */ = {
			isa = PBXGroup;
			children = (
				4B39DA80209AD5AC0015C420 /* WechatSDK1.8.2 */,
				4B39DA4B209AC9590015C420 /* AppDelegate.h */,
				4B39DA4C209AC9590015C420 /* AppDelegate.m */,
				4B39DA4E209AC9590015C420 /* ViewController.h */,
				4B39DA4F209AC9590015C420 /* ViewController.m */,
				4B39DA51209AC9590015C420 /* Main.storyboard */,
				4B39DA54209AC95A0015C420 /* Assets.xcassets */,
				4B39DA56209AC95A0015C420 /* LaunchScreen.storyboard */,
				4B39DA59209AC95A0015C420 /* Info.plist */,
				4B39DA5A209AC95A0015C420 /* main.m */,
			);
			path = FWWXPay;
			sourceTree = "<group>";
		};
		4B39DA69209AC9BC0015C420 /* Frameworks */ = {
			isa = PBXGroup;
			children = (
				4B39DA76209AC9F70015C420 /* CFNetwork.framework */,
				4B39DA74209AC9F00015C420 /* CoreTelephony.framework */,
				4B39DA72209AC9E80015C420 /* Security.framework */,
				4B39DA70209AC9E00015C420 /* libc++.tbd */,
				4B39DA6E209AC9D60015C420 /* libsqlite3.0.tbd */,
				4B39DA6C209AC9CB0015C420 /* libz.tbd */,
				4B39DA6A209AC9BD0015C420 /* SystemConfiguration.framework */,
			);
			name = Frameworks;
			sourceTree = "<group>";
		};
		4B39DA80209AD5AC0015C420 /* WechatSDK1.8.2 */ = {
			isa = PBXGroup;
			children = (
				4B39DA81209AD5AC0015C420 /* WXApi.h */,
				4B39DA82209AD5AC0015C420 /* WXApiObject.h */,
				4B39DA83209AD5AC0015C420 /* README.txt */,
				4B39DA84209AD5AC0015C420 /* WechatAuthSDK.h */,
				4B39DA85209AD5AC0015C420 /* libWeChatSDK.a */,
			);
			path = WechatSDK1.8.2;
			sourceTree = "<group>";
		};
/* End PBXGroup section */

/* Begin PBXNativeTarget section */
		4B39DA47209AC9590015C420 /* FWWXPay */ = {
			isa = PBXNativeTarget;
			buildConfigurationList = 4B39DA5E209AC95A0015C420 /* Build configuration list for PBXNativeTarget "FWWXPay" */;
			buildPhases = (
				4B39DA44209AC9590015C420 /* Sources */,
				4B39DA45209AC9590015C420 /* Frameworks */,
				4B39DA46209AC9590015C420 /* Resources */,
			);
			buildRules = (
			);
			dependencies = (
			);
			name = FWWXPay;
			productName = FWWXPay;
			productReference = 4B39DA48209AC9590015C420 /* FWWXPay.app */;
			productType = "com.apple.product-type.application";
		};
/* End PBXNativeTarget section */

/* Begin PBXProject section */
		4B39DA40209AC9590015C420 /* Project object */ = {
			isa = PBXProject;
			attributes = {
				LastUpgradeCheck = 0930;
				ORGANIZATIONNAME = "潇潇";
				TargetAttributes = {
					4B39DA47209AC9590015C420 = {
						CreatedOnToolsVersion = 9.3;
					};
				};
			};
			buildConfigurationList = 4B39DA43209AC9590015C420 /* Build configuration list for PBXProject "FWWXPay" */;
			compatibilityVersion = "Xcode 9.3";
			developmentRegion = en;
			hasScannedForEncodings = 0;
			knownRegions = (
				en,
				Base,
			);
			mainGroup = 4B39DA3F209AC9590015C420;
			productRefGroup = 4B39DA49209AC9590015C420 /* Products */;
			projectDirPath = "";
			projectRoot = "";
			targets = (
				4B39DA47209AC9590015C420 /* FWWXPay */,
			);
		};
/* End PBXProject section */

/* Begin PBXResourcesBuildPhase section */
		4B39DA46209AC9590015C420 /* Resources */ = {
			isa = PBXResourcesBuildPhase;
			buildActionMask = 2147483647;
			files = (
				4B39DA58209AC95A0015C420 /* LaunchScreen.storyboard in Resources */,
				4B39DA55209AC95A0015C420 /* Assets.xcassets in Resources */,
				4B39DA86209AD5AC0015C420 /* README.txt in Resources */,
				4B39DA53209AC9590015C420 /* Main.storyboard in Resources */,
			);
			runOnlyForDeploymentPostprocessing = 0;
		};
/* End PBXResourcesBuildPhase section */

/* Begin PBXSourcesBuildPhase section */
		4B39DA44209AC9590015C420 /* Sources */ = {
			isa = PBXSourcesBuildPhase;
			buildActionMask = 2147483647;
			files = (
				4B39DA50209AC9590015C420 /* ViewController.m in Sources */,
				4B39DA5B209AC95A0015C420 /* main.m in Sources */,
				4B39DA4D209AC9590015C420 /* AppDelegate.m in Sources */,
			);
			runOnlyForDeploymentPostprocessing = 0;
		};
/* End PBXSourcesBuildPhase section */

/* Begin PBXVariantGroup section */
		4B39DA51209AC9590015C420 /* Main.storyboard */ = {
			isa = PBXVariantGroup;
			children = (
				4B39DA52209AC9590015C420 /* Base */,
			);
			name = Main.storyboard;
			sourceTree = "<group>";
		};
		4B39DA56209AC95A0015C420 /* LaunchScreen.storyboard */ = {
			isa = PBXVariantGroup;
			children = (
				4B39DA57209AC95A0015C420 /* Base */,
			);
			name = LaunchScreen.storyboard;
			sourceTree = "<group>";
		};
/* End PBXVariantGroup section */

/* Begin XCBuildConfiguration section */
		4B39DA5C209AC95A0015C420 /* Debug */ = {
			isa = XCBuildConfiguration;
			buildSettings = {
				ALWAYS_SEARCH_USER_PATHS = NO;
				CLANG_ANALYZER_NONNULL = YES;
				CLANG_ANALYZER_NUMBER_OBJECT_CONVERSION = YES_AGGRESSIVE;
				CLANG_CXX_LANGUAGE_STANDARD = "gnu++14";
				CLANG_CXX_LIBRARY = "libc++";
				CLANG_ENABLE_MODULES = YES;
				CLANG_ENABLE_OBJC_ARC = YES;
				CLANG_ENABLE_OBJC_WEAK = YES;
				CLANG_WARN_BLOCK_CAPTURE_AUTORELEASING = YES;
				CLANG_WARN_BOOL_CONVERSION = YES;
				CLANG_WARN_COMMA = YES;
				CLANG_WARN_CONSTANT_CONVERSION = YES;
				CLANG_WARN_DEPRECATED_OBJC_IMPLEMENTATIONS = YES;
				CLANG_WARN_DIRECT_OBJC_ISA_USAGE = YES_ERROR;
				CLANG_WARN_DOCUMENTATION_COMMENTS = YES;
				CLANG_WARN_EMPTY_BODY = YES;
				CLANG_WARN_ENUM_CONVERSION = YES;
				CLANG_WARN_INFINITE_RECURSION = YES;
				CLANG_WARN_INT_CONVERSION = YES;
				CLANG_WARN_NON_LITERAL_NULL_CONVERSION = YES;
				CLANG_WARN_OBJC_IMPLICIT_RETAIN_SELF = YES;
				CLANG_WARN_OBJC_LITERAL_CONVERSION = YES;
				CLANG_WARN_OBJC_ROOT_CLASS = YES_ERROR;
				CLANG_WARN_RANGE_LOOP_ANALYSIS = YES;
				CLANG_WARN_STRICT_PROTOTYPES = YES;
				CLANG_WARN_SUSPICIOUS_MOVE = YES;
				CLANG_WARN_UNGUARDED_AVAILABILITY = YES_AGGRESSIVE;
				CLANG_WARN_UNREACHABLE_CODE = YES;
				CLANG_WARN__DUPLICATE_METHOD_MATCH = YES;
				CODE_SIGN_IDENTITY = "iPhone Developer";
				COPY_PHASE_STRIP = NO;
				DEBUG_INFORMATION_FORMAT = dwarf;
				ENABLE_STRICT_OBJC_MSGSEND = YES;
				ENABLE_TESTABILITY = YES;
				GCC_C_LANGUAGE_STANDARD = gnu11;
				GCC_DYNAMIC_NO_PIC = NO;
				GCC_NO_COMMON_BLOCKS = YES;
				GCC_OPTIMIZATION_LEVEL = 0;
				GCC_PREPROCESSOR_DEFINITIONS = (
					"DEBUG=1",
					"$(inherited)",
				);
				GCC_WARN_64_TO_32_BIT_CONVERSION = YES;
				GCC_WARN_ABOUT_RETURN_TYPE = YES_ERROR;
				GCC_WARN_UNDECLARED_SELECTOR = YES;
				GCC_WARN_UNINITIALIZED_AUTOS = YES_AGGRESSIVE;
				GCC_WARN_UNUSED_FUNCTION = YES;
				GCC_WARN_UNUSED_VARIABLE = YES;
				IPHONEOS_DEPLOYMENT_TARGET = 11.3;
				MTL_ENABLE_DEBUG_INFO = YES;
				ONLY_ACTIVE_ARCH = YES;
				SDKROOT = iphoneos;
			};
			name = Debug;
		};
		4B39DA5D209AC95A0015C420 /* Release */ = {
			isa = XCBuildConfiguration;
			buildSettings = {
				ALWAYS_SEARCH_USER_PATHS = NO;
				CLANG_ANALYZER_NONNULL = YES;
				CLANG_ANALYZER_NUMBER_OBJECT_CONVERSION = YES_AGGRESSIVE;
				CLANG_CXX_LANGUAGE_STANDARD = "gnu++14";
				CLANG_CXX_LIBRARY = "libc++";
				CLANG_ENABLE_MODULES = YES;
				CLANG_ENABLE_OBJC_ARC = YES;
				CLANG_ENABLE_OBJC_WEAK = YES;
				CLANG_WARN_BLOCK_CAPTURE_AUTORELEASING = YES;
				CLANG_WARN_BOOL_CONVERSION = YES;
				CLANG_WARN_COMMA = YES;
				CLANG_WARN_CONSTANT_CONVERSION = YES;
				CLANG_WARN_DEPRECATED_OBJC_IMPLEMENTATIONS = YES;
				CLANG_WARN_DIRECT_OBJC_ISA_USAGE = YES_ERROR;
				CLANG_WARN_DOCUMENTATION_COMMENTS = YES;
				CLANG_WARN_EMPTY_BODY = YES;
				CLANG_WARN_ENUM_CONVERSION = YES;
				CLANG_WARN_INFINITE_RECURSION = YES;
				CLANG_WARN_INT_CONVERSION = YES;
				CLANG_WARN_NON_LITERAL_NULL_CONVERSION = YES;
				CLANG_WARN_OBJC_IMPLICIT_RETAIN_SELF = YES;
				CLANG_WARN_OBJC_LITERAL_CONVERSION = YES;
				CLANG_WARN_OBJC_ROOT_CLASS = YES_ERROR;
				CLANG_WARN_RANGE_LOOP_ANALYSIS = YES;
				CLANG_WARN_STRICT_PROTOTYPES = YES;
				CLANG_WARN_SUSPICIOUS_MOVE = YES;
				CLANG_WARN_UNGUARDED_AVAILABILITY = YES_AGGRESSIVE;
				CLANG_WARN_UNREACHABLE_CODE = YES;
				CLANG_WARN__DUPLICATE_METHOD_MATCH = YES;
				CODE_SIGN_IDENTITY = "iPhone Developer";
				COPY_PHASE_STRIP = NO;
				DEBUG_INFORMATION_FORMAT = "dwarf-with-dsym";
				ENABLE_NS_ASSERTIONS = NO;
				ENABLE_STRICT_OBJC_MSGSEND = YES;
				GCC_C_LANGUAGE_STANDARD = gnu11;
				GCC_NO_COMMON_BLOCKS = YES;
				GCC_WARN_64_TO_32_BIT_CONVERSION = YES;
				GCC_WARN_ABOUT_RETURN_TYPE = YES_ERROR;
				GCC_WARN_UNDECLARED_SELECTOR = YES;
				GCC_WARN_UNINITIALIZED_AUTOS = YES_AGGRESSIVE;
				GCC_WARN_UNUSED_FUNCTION = YES;
				GCC_WARN_UNUSED_VARIABLE = YES;
				IPHONEOS_DEPLOYMENT_TARGET = 11.3;
				MTL_ENABLE_DEBUG_INFO = NO;
				SDKROOT = iphoneos;
				VALIDATE_PRODUCT = YES;
			};
			name = Release;
		};
		4B39DA5F209AC95A0015C420 /* Debug */ = {
			isa = XCBuildConfiguration;
			buildSettings = {
				ASSETCATALOG_COMPILER_APPICON_NAME = AppIcon;
				CODE_SIGN_STYLE = Automatic;
				DEVELOPMENT_TEAM = 42DK893EEW;
				INFOPLIST_FILE = FWWXPay/Info.plist;
				IPHONEOS_DEPLOYMENT_TARGET = 9.0;
				LD_RUNPATH_SEARCH_PATHS = (
					"$(inherited)",
					"@executable_path/Frameworks",
				);
				LIBRARY_SEARCH_PATHS = (
					"$(inherited)",
					"$(PROJECT_DIR)/FWWXPay/WechtSDK1.8.2_NoPay",
					"$(PROJECT_DIR)/FWWXPay/SDKExport",
					"$(PROJECT_DIR)/FWWXPay/WechatSDK1.8.2",
				);
				OTHER_LDFLAGS = (
					"-Objc",
					"-all_load",
				);
				PRODUCT_BUNDLE_IDENTIFIER = com.tencent.xin.SDKSample;
				PRODUCT_NAME = "$(TARGET_NAME)";
				TARGETED_DEVICE_FAMILY = "1,2";
			};
			name = Debug;
		};
		4B39DA60209AC95A0015C420 /* Release */ = {
			isa = XCBuildConfiguration;
			buildSettings = {
				ASSETCATALOG_COMPILER_APPICON_NAME = AppIcon;
				CODE_SIGN_STYLE = Automatic;
				DEVELOPMENT_TEAM = 42DK893EEW;
				INFOPLIST_FILE = FWWXPay/Info.plist;
				IPHONEOS_DEPLOYMENT_TARGET = 9.0;
				LD_RUNPATH_SEARCH_PATHS = (
					"$(inherited)",
					"@executable_path/Frameworks",
				);
				LIBRARY_SEARCH_PATHS = (
					"$(inherited)",
					"$(PROJECT_DIR)/FWWXPay/WechtSDK1.8.2_NoPay",
					"$(PROJECT_DIR)/FWWXPay/SDKExport",
					"$(PROJECT_DIR)/FWWXPay/WechatSDK1.8.2",
				);
				OTHER_LDFLAGS = (
					"-Objc",
					"-all_load",
				);
				PRODUCT_BUNDLE_IDENTIFIER = com.tencent.xin.SDKSample;
				PRODUCT_NAME = "$(TARGET_NAME)";
				TARGETED_DEVICE_FAMILY = "1,2";
			};
			name = Release;
		};
/* End XCBuildConfiguration section */

/* Begin XCConfigurationList section */
		4B39DA43209AC9590015C420 /* Build configuration list for PBXProject "FWWXPay" */ = {
			isa = XCConfigurationList;
			buildConfigurations = (
				4B39DA5C209AC95A0015C420 /* Debug */,
				4B39DA5D209AC95A0015C420 /* Release */,
			);
			defaultConfigurationIsVisible = 0;
			defaultConfigurationName = Release;
		};
		4B39DA5E209AC95A0015C420 /* Build configuration list for PBXNativeTarget "FWWXPay" */ = {
			isa = XCConfigurationList;
			buildConfigurations = (
				4B39DA5F209AC95A0015C420 /* Debug */,
				4B39DA60209AC95A0015C420 /* Release */,
			);
			defaultConfigurationIsVisible = 0;
			defaultConfigurationName = Release;
		};
/* End XCConfigurationList section */
	};
	rootObject = 4B39DA40209AC9590015C420 /* Project object */;
}
